// !$*UTF8*$!
{
	archiveVersion = 1;
	classes = {
	};
	objectVersion = 77;
	objects = {

/* Begin PBXBuildFile section */
		2AC67670084489B3C6F3C5B7 /* MenuBarContent.swift in Sources */ = {isa = PBXBuildFile; fileRef = D79DB30FFD078853F4A7E0CD /* MenuBarContent.swift */; };
		4884856767FB25737FECEB70 /* AppDelegate.swift in Sources */ = {isa = PBXBuildFile; fileRef = 4235A18C835B7E7F93601EF4 /* AppDelegate.swift */; };
		4B356DB11FF64948C663EFF6 /* AppState.swift in Sources */ = {isa = PBXBuildFile; fileRef = 80B32BAB6E5DDCCE614A77A6 /* AppState.swift */; };
		603AAD045C1A14041536CD72 /* Defaults.swift in Sources */ = {isa = PBXBuildFile; fileRef = 0AA8FF86F59AA875306E5456 /* Defaults.swift */; };
		BE10DACDB3DD3A59CBA5680F /* SettingsView.swift in Sources */ = {isa = PBXBuildFile; fileRef = 5C7FEEF8609CE1D88894AD67 /* SettingsView.swift */; };
		E37D5CEF13C09D42C0CD05DE /* GhostCursorKit in Frameworks */ = {isa = PBXBuildFile; productRef = 48183A32A3F94B4F3A8B93DC /* GhostCursorKit */; };
		E693F7CD1573496FBD8260ED /* CursorReassertionCoordinator.swift in Sources */ = {isa = PBXBuildFile; fileRef = E88E8E1E8B4645BF914AC783 /* CursorReassertionCoordinator.swift */; };
		F63C859265EC1DFC2A869AFD /* GhostCursorApp.swift in Sources */ = {isa = PBXBuildFile; fileRef = 64DA239D414E440648CAB466 /* GhostCursorApp.swift */; };
/* End PBXBuildFile section */

/* Begin PBXFileReference section */
		014C9C542DE22D4D1E987280 /* Core */ = {isa = PBXFileReference; lastKnownFileType = folder; name = Core; path = Core; sourceTree = SOURCE_ROOT; };
		0AA8FF86F59AA875306E5456 /* Defaults.swift */ = {isa = PBXFileReference; lastKnownFileType = sourcecode.swift; path = Defaults.swift; sourceTree = "<group>"; };
		253644D93268CB0378197089 /* GhostCursor.app */ = {isa = PBXFileReference; explicitFileType = wrapper.application; includeInIndex = 0; path = GhostCursor.app; sourceTree = BUILT_PRODUCTS_DIR; };
		4235A18C835B7E7F93601EF4 /* AppDelegate.swift */ = {isa = PBXFileReference; lastKnownFileType = sourcecode.swift; path = AppDelegate.swift; sourceTree = "<group>"; };
		4485DE0E91B1B02BA1549CF4 /* Info.plist */ = {isa = PBXFileReference; lastKnownFileType = text.plist; path = Info.plist; sourceTree = "<group>"; };
		5C7FEEF8609CE1D88894AD67 /* SettingsView.swift */ = {isa = PBXFileReference; lastKnownFileType = sourcecode.swift; path = SettingsView.swift; sourceTree = "<group>"; };
		64DA239D414E440648CAB466 /* GhostCursorApp.swift */ = {isa = PBXFileReference; lastKnownFileType = sourcecode.swift; path = GhostCursorApp.swift; sourceTree = "<group>"; };
		80B32BAB6E5DDCCE614A77A6 /* AppState.swift */ = {isa = PBXFileReference; lastKnownFileType = sourcecode.swift; path = AppState.swift; sourceTree = "<group>"; };
		D79DB30FFD078853F4A7E0CD /* MenuBarContent.swift */ = {isa = PBXFileReference; lastKnownFileType = sourcecode.swift; path = MenuBarContent.swift; sourceTree = "<group>"; };
		E88E8E1E8B4645BF914AC783 /* CursorReassertionCoordinator.swift */ = {isa = PBXFileReference; lastKnownFileType = sourcecode.swift; path = CursorReassertionCoordinator.swift; sourceTree = "<group>"; };
/* End PBXFileReference section */

/* Begin PBXFrameworksBuildPhase section */
		C9A8B31E4531F86C1BB9A00A /* Frameworks */ = {
			isa = PBXFrameworksBuildPhase;
			buildActionMask = 2147483647;
			files = (
				E37D5CEF13C09D42C0CD05DE /* GhostCursorKit in Frameworks */,
			);
			runOnlyForDeploymentPostprocessing = 0;
		};
/* End PBXFrameworksBuildPhase section */

/* Begin PBXGroup section */
		03D998C9C3B2D8E77FCEEFFA = {
			isa = PBXGroup;
			children = (
				24444C4E53835873829C1E5B /* GhostCursor */,
				3A770CEECE1155C717345187 /* Packages */,
				E72A88DB0A1E46C9C16F6C5A /* Products */,
			);
			sourceTree = "<group>";
		};
		24444C4E53835873829C1E5B /* GhostCursor */ = {
			isa = PBXGroup;
			children = (
				4235A18C835B7E7F93601EF4 /* AppDelegate.swift */,
				80B32BAB6E5DDCCE614A77A6 /* AppState.swift */,
				E88E8E1E8B4645BF914AC783 /* CursorReassertionCoordinator.swift */,
				0AA8FF86F59AA875306E5456 /* Defaults.swift */,
				64DA239D414E440648CAB466 /* GhostCursorApp.swift */,
				4485DE0E91B1B02BA1549CF4 /* Info.plist */,
				D79DB30FFD078853F4A7E0CD /* MenuBarContent.swift */,
				5C7FEEF8609CE1D88894AD67 /* SettingsView.swift */,
			);
			path = GhostCursor;
			sourceTree = "<group>";
		};
		3A770CEECE1155C717345187 /* Packages */ = {
			isa = PBXGroup;
			children = (
				014C9C542DE22D4D1E987280 /* Core */,
			);
			name = Packages;
			sourceTree = "<group>";
		};
		E72A88DB0A1E46C9C16F6C5A /* Products */ = {
			isa = PBXGroup;
			children = (
				253644D93268CB0378197089 /* GhostCursor.app */,
			);
			name = Products;
			sourceTree = "<group>";
		};
/* End PBXGroup section */

/* Begin PBXNativeTarget section */
		FFA20E493EA04943E0D0DF3C /* GhostCursor */ = {
			isa = PBXNativeTarget;
			buildConfigurationList = EE1DBF6B428BD2AA26F08F88 /* Build configuration list for PBXNativeTarget "GhostCursor" */;
			buildPhases = (
				9CD09219DA9B7E157B4E1A2A /* Sources */,
				C9A8B31E4531F86C1BB9A00A /* Frameworks */,
			);
			buildRules = (
			);
			dependencies = (
			);
			name = GhostCursor;
			packageProductDependencies = (
				48183A32A3F94B4F3A8B93DC /* GhostCursorKit */,
			);
			productName = GhostCursor;
			productReference = 253644D93268CB0378197089 /* GhostCursor.app */;
			productType = "com.apple.product-type.application";
		};
/* End PBXNativeTarget section */

/* Begin PBXProject section */
		A14FD7A137207495E693F65F /* Project object */ = {
			isa = PBXProject;
			attributes = {
				BuildIndependentTargetsInParallel = YES;
				LastUpgradeCheck = 1430;
				TargetAttributes = {
					FFA20E493EA04943E0D0DF3C = {
						ProvisioningStyle = Manual;
					};
				};
			};
			buildConfigurationList = 4BEBA4BD5E757B8A3B2647E6 /* Build configuration list for PBXProject "GhostCursor" */;
			developmentRegion = en;
			hasScannedForEncodings = 0;
			knownRegions = (
				Base,
				en,
			);
			mainGroup = 03D998C9C3B2D8E77FCEEFFA;
			minimizedProjectReferenceProxies = 1;
			packageReferences = (
				3D76FDC3C5D18E276BF655BE /* XCLocalSwiftPackageReference "Core" */,
			);
			preferredProjectObjectVersion = 77;
			productRefGroup = E72A88DB0A1E46C9C16F6C5A /* Products */;
			projectDirPath = "";
			projectRoot = "";
			targets = (
				FFA20E493EA04943E0D0DF3C /* GhostCursor */,
			);
		};
/* End PBXProject section */

/* Begin PBXSourcesBuildPhase section */
		9CD09219DA9B7E157B4E1A2A /* Sources */ = {
			isa = PBXSourcesBuildPhase;
			buildActionMask = 2147483647;
			files = (
				4884856767FB25737FECEB70 /* AppDelegate.swift in Sources */,
				4B356DB11FF64948C663EFF6 /* AppState.swift in Sources */,
				E693F7CD1573496FBD8260ED /* CursorReassertionCoordinator.swift in Sources */,
				603AAD045C1A14041536CD72 /* Defaults.swift in Sources */,
				F63C859265EC1DFC2A869AFD /* GhostCursorApp.swift in Sources */,
				2AC67670084489B3C6F3C5B7 /* MenuBarContent.swift in Sources */,
				BE10DACDB3DD3A59CBA5680F /* SettingsView.swift in Sources */,
			);
			runOnlyForDeploymentPostprocessing = 0;
		};
/* End PBXSourcesBuildPhase section */

/* Begin XCBuildConfiguration section */
		382629AD5C5EBD5EB73054E8 /* Debug */ = {
			isa = XCBuildConfiguration;
			buildSettings = {
				ASSETCATALOG_COMPILER_APPICON_NAME = AppIcon;
				COMBINE_HIDPI_IMAGES = YES;
				GENERATE_INFOPLIST_FILE = NO;
				INFOPLIST_FILE = GhostCursor/Info.plist;
				LD_RUNPATH_SEARCH_PATHS = (
					"$(inherited)",
					"@executable_path/../Frameworks",
				);
				PRODUCT_BUNDLE_IDENTIFIER = sa.ni.GhostCursor;
				SDKROOT = macosx;
			};
			name = Debug;
		};
		914AC0F2905F8F4BE3CE4C03 /* Debug */ = {
			isa = XCBuildConfiguration;
			buildSettings = {
				ALWAYS_SEARCH_USER_PATHS = NO;
				CLANG_ANALYZER_NONNULL = YES;
				CLANG_ANALYZER_NUMBER_OBJECT_CONVERSION = YES_AGGRESSIVE;
				CLANG_CXX_LANGUAGE_STANDARD = "gnu++14";
				CLANG_CXX_LIBRARY = "libc++";
				CLANG_ENABLE_MODULES = YES;
				CLANG_ENABLE_OBJC_ARC = YES;
				CLANG_ENABLE_OBJC_WEAK = YES;
				CLANG_WARN_BLOCK_CAPTURE_AUTORELEASING = YES;
				CLANG_WARN_BOOL_CONVERSION = YES;
				CLANG_WARN_COMMA = YES;
				CLANG_WARN_CONSTANT_CONVERSION = YES;
				CLANG_WARN_DEPRECATED_OBJC_IMPLEMENTATIONS = YES;
				CLANG_WARN_DIRECT_OBJC_ISA_USAGE = YES_ERROR;
				CLANG_WARN_DOCUMENTATION_COMMENTS = YES;
				CLANG_WARN_EMPTY_BODY = YES;
				CLANG_WARN_ENUM_CONVERSION = YES;
				CLANG_WARN_INFINITE_RECURSION = YES;
				CLANG_WARN_INT_CONVERSION = YES;
				CLANG_WARN_NON_LITERAL_NULL_CONVERSION = YES;
				CLANG_WARN_OBJC_IMPLICIT_RETAIN_SELF = YES;
				CLANG_WARN_OBJC_LITERAL_CONVERSION = YES;
				CLANG_WARN_OBJC_ROOT_CLASS = YES_ERROR;
				CLANG_WARN_QUOTED_INCLUDE_IN_FRAMEWORK_HEADER = YES;
				CLANG_WARN_RANGE_LOOP_ANALYSIS = YES;
				CLANG_WARN_STRICT_PROTOTYPES = YES;
				CLANG_WARN_SUSPICIOUS_MOVE = YES;
				CLANG_WARN_UNGUARDED_AVAILABILITY = YES_AGGRESSIVE;
				CLANG_WARN_UNREACHABLE_CODE = YES;
				CLANG_WARN__DUPLICATE_METHOD_MATCH = YES;
				CODE_SIGN_IDENTITY = "-";
				CODE_SIGN_STYLE = Manual;
				COPY_PHASE_STRIP = NO;
				CURRENT_PROJECT_VERSION = 1;
				DEAD_CODE_STRIPPING = YES;
				DEBUG_INFORMATION_FORMAT = dwarf;
				ENABLE_HARDENED_RUNTIME = YES;
				ENABLE_STRICT_OBJC_MSGSEND = YES;
				ENABLE_TESTABILITY = YES;
				GCC_C_LANGUAGE_STANDARD = gnu11;
				GCC_DYNAMIC_NO_PIC = NO;
				GCC_NO_COMMON_BLOCKS = YES;
				GCC_OPTIMIZATION_LEVEL = 0;
				GCC_PREPROCESSOR_DEFINITIONS = (
					"$(inherited)",
					"DEBUG=1",
				);
				GCC_WARN_64_TO_32_BIT_CONVERSION = YES;
				GCC_WARN_ABOUT_RETURN_TYPE = YES_ERROR;
				GCC_WARN_UNDECLARED_SELECTOR = YES;
				GCC_WARN_UNINITIALIZED_AUTOS = YES_AGGRESSIVE;
				GCC_WARN_UNUSED_FUNCTION = YES;
				GCC_WARN_UNUSED_VARIABLE = YES;
				MACOSX_DEPLOYMENT_TARGET = 14.0;
				MARKETING_VERSION = 0.1.0;
				MTL_ENABLE_DEBUG_INFO = INCLUDE_SOURCE;
				MTL_FAST_MATH = YES;
				ONLY_ACTIVE_ARCH = YES;
				PRODUCT_NAME = "$(TARGET_NAME)";
				SDKROOT = macosx;
				SWIFT_ACTIVE_COMPILATION_CONDITIONS = DEBUG;
				SWIFT_OPTIMIZATION_LEVEL = "-Onone";
				SWIFT_VERSION = 6.0;
			};
			name = Debug;
		};
		92B87E64E9049914F3CBF350 /* Release */ = {
			isa = XCBuildConfiguration;
			buildSettings = {
				ALWAYS_SEARCH_USER_PATHS = NO;
				CLANG_ANALYZER_NONNULL = YES;
				CLANG_ANALYZER_NUMBER_OBJECT_CONVERSION = YES_AGGRESSIVE;
				CLANG_CXX_LANGUAGE_STANDARD = "gnu++14";
				CLANG_CXX_LIBRARY = "libc++";
				CLANG_ENABLE_MODULES = YES;
				CLANG_ENABLE_OBJC_ARC = YES;
				CLANG_ENABLE_OBJC_WEAK = YES;
				CLANG_WARN_BLOCK_CAPTURE_AUTORELEASING = YES;
				CLANG_WARN_BOOL_CONVERSION = YES;
				CLANG_WARN_COMMA = YES;
				CLANG_WARN_CONSTANT_CONVERSION = YES;
				CLANG_WARN_DEPRECATED_OBJC_IMPLEMENTATIONS = YES;
				CLANG_WARN_DIRECT_OBJC_ISA_USAGE = YES_ERROR;
				CLANG_WARN_DOCUMENTATION_COMMENTS = YES;
				CLANG_WARN_EMPTY_BODY = YES;
				CLANG_WARN_ENUM_CONVERSION = YES;
				CLANG_WARN_INFINITE_RECURSION = YES;
				CLANG_WARN_INT_CONVERSION = YES;
				CLANG_WARN_NON_LITERAL_NULL_CONVERSION = YES;
				CLANG_WARN_OBJC_IMPLICIT_RETAIN_SELF = YES;
				CLANG_WARN_OBJC_LITERAL_CONVERSION = YES;
				CLANG_WARN_OBJC_ROOT_CLASS = YES_ERROR;
				CLANG_WARN_QUOTED_INCLUDE_IN_FRAMEWORK_HEADER = YES;
				CLANG_WARN_RANGE_LOOP_ANALYSIS = YES;
				CLANG_WARN_STRICT_PROTOTYPES = YES;
				CLANG_WARN_SUSPICIOUS_MOVE = YES;
				CLANG_WARN_UNGUARDED_AVAILABILITY = YES_AGGRESSIVE;
				CLANG_WARN_UNREACHABLE_CODE = YES;
				CLANG_WARN__DUPLICATE_METHOD_MATCH = YES;
				CODE_SIGN_IDENTITY = "-";
				CODE_SIGN_STYLE = Manual;
				COPY_PHASE_STRIP = NO;
				CURRENT_PROJECT_VERSION = 1;
				DEAD_CODE_STRIPPING = YES;
				DEBUG_INFORMATION_FORMAT = "dwarf-with-dsym";
				ENABLE_HARDENED_RUNTIME = YES;
				ENABLE_NS_ASSERTIONS = NO;
				ENABLE_STRICT_OBJC_MSGSEND = YES;
				GCC_C_LANGUAGE_STANDARD = gnu11;
				GCC_NO_COMMON_BLOCKS = YES;
				GCC_WARN_64_TO_32_BIT_CONVERSION = YES;
				GCC_WARN_ABOUT_RETURN_TYPE = YES_ERROR;
				GCC_WARN_UNDECLARED_SELECTOR = YES;
				GCC_WARN_UNINITIALIZED_AUTOS = YES_AGGRESSIVE;
				GCC_WARN_UNUSED_FUNCTION = YES;
				GCC_WARN_UNUSED_VARIABLE = YES;
				MACOSX_DEPLOYMENT_TARGET = 14.0;
				MARKETING_VERSION = 0.1.0;
				MTL_ENABLE_DEBUG_INFO = NO;
				MTL_FAST_MATH = YES;
				PRODUCT_NAME = "$(TARGET_NAME)";
				SDKROOT = macosx;
				SWIFT_COMPILATION_MODE = wholemodule;
				SWIFT_OPTIMIZATION_LEVEL = "-O";
				SWIFT_VERSION = 6.0;
			};
			name = Release;
		};
		9A4C0290E6A1AE84288F6883 /* Release */ = {
			isa = XCBuildConfiguration;
			buildSettings = {
				ASSETCATALOG_COMPILER_APPICON_NAME = AppIcon;
				COMBINE_HIDPI_IMAGES = YES;
				GENERATE_INFOPLIST_FILE = NO;
				INFOPLIST_FILE = GhostCursor/Info.plist;
				LD_RUNPATH_SEARCH_PATHS = (
					"$(inherited)",
					"@executable_path/../Frameworks",
				);
				PRODUCT_BUNDLE_IDENTIFIER = sa.ni.GhostCursor;
				SDKROOT = macosx;
			};
			name = Release;
		};
/* End XCBuildConfiguration section */

/* Begin XCConfigurationList section */
		4BEBA4BD5E757B8A3B2647E6 /* Build configuration list for PBXProject "GhostCursor" */ = {
			isa = XCConfigurationList;
			buildConfigurations = (
				914AC0F2905F8F4BE3CE4C03 /* Debug */,
				92B87E64E9049914F3CBF350 /* Release */,
			);
			defaultConfigurationIsVisible = 0;
			defaultConfigurationName = Debug;
		};
		EE1DBF6B428BD2AA26F08F88 /* Build configuration list for PBXNativeTarget "GhostCursor" */ = {
			isa = XCConfigurationList;
			buildConfigurations = (
				382629AD5C5EBD5EB73054E8 /* Debug */,
				9A4C0290E6A1AE84288F6883 /* Release */,
			);
			defaultConfigurationIsVisible = 0;
			defaultConfigurationName = Debug;
		};
/* End XCConfigurationList section */

/* Begin XCLocalSwiftPackageReference section */
		3D76FDC3C5D18E276BF655BE /* XCLocalSwiftPackageReference "Core" */ = {
			isa = XCLocalSwiftPackageReference;
			relativePath = Core;
		};
/* End XCLocalSwiftPackageReference section */

/* Begin XCSwiftPackageProductDependency section */
		48183A32A3F94B4F3A8B93DC /* GhostCursorKit */ = {
			isa = XCSwiftPackageProductDependency;
			productName = GhostCursorKit;
		};
/* End XCSwiftPackageProductDependency section */
	};
	rootObject = A14FD7A137207495E693F65F /* Project object */;
}
